
Microsoft Visual Studio Solution File, Format Version 11.00
# Visual Studio 2010
Project("{FAE04EC0-301F-11D3-BF4B-00C04F79EFBC}") = "Eproject", "Eproject\Eproject.csproj", "{451365B1-23E0-4BC2-9AAB-EA15B9901498}"
EndProject
Project("{FAE04EC0-301F-11D3-BF4B-00C04F79EFBC}") = "Eproject.Business", "Eproject.Business\Eproject.Business.csproj", "{5D4AF42F-AC8B-45B0-8D78-2402347AABC7}"
EndProject
Project("{FAE04EC0-301F-11D3-BF4B-00C04F79EFBC}") = "Eproject.Common", "Eproject.Common\Eproject.Common.csproj", "{F363CDB7-43DA-46DE-9455-731CA4107273}"
EndProject
Project("{FAE04EC0-301F-11D3-BF4B-00C04F79EFBC}") = "Eproject.Data", "Eproject.Data\Eproject.Data.csproj", "{A6A90FAD-0015-45D7-907C-0D8502D5C3A7}"
EndProject
Global
	GlobalSection(SolutionConfigurationPlatforms) = preSolution
		Debug|Any CPU = Debug|Any CPU
		Release|Any CPU = Release|Any CPU
	EndGlobalSection
	GlobalSection(ProjectConfigurationPlatforms) = postSolution
		{451365B1-23E0-4BC2-9AAB-EA15B9901498}.Debug|Any CPU.ActiveCfg = Debug|Any CPU
		{451365B1-23E0-4BC2-9AAB-EA15B9901498}.Debug|Any CPU.Build.0 = Debug|Any CPU
		{451365B1-23E0-4BC2-9AAB-EA15B9901498}.Release|Any CPU.ActiveCfg = Release|Any CPU
		{451365B1-23E0-4BC2-9AAB-EA15B9901498}.Release|Any CPU.Build.0 = Release|Any CPU
		{5D4AF42F-AC8B-45B0-8D78-2402347AABC7}.Debug|Any CPU.ActiveCfg = Debug|Any CPU
		{5D4AF42F-AC8B-45B0-8D78-2402347AABC7}.Debug|Any CPU.Build.0 = Debug|Any CPU
		{5D4AF42F-AC8B-45B0-8D78-2402347AABC7}.Release|Any CPU.ActiveCfg = Release|Any CPU
		{5D4AF42F-AC8B-45B0-8D78-2402347AABC7}.Release|Any CPU.Build.0 = Release|Any CPU
		{F363CDB7-43DA-46DE-9455-731CA4107273}.Debug|Any CPU.ActiveCfg = Debug|Any CPU
		{F363CDB7-43DA-46DE-9455-731CA4107273}.Debug|Any CPU.Build.0 = Debug|Any CPU
		{F363CDB7-43DA-46DE-9455-731CA4107273}.Release|Any CPU.ActiveCfg = Release|Any CPU
		{F363CDB7-43DA-46DE-9455-731CA4107273}.Release|Any CPU.Build.0 = Release|Any CPU
		{A6A90FAD-0015-45D7-907C-0D8502D5C3A7}.Debug|Any CPU.ActiveCfg = Debug|Any CPU
		{A6A90FAD-0015-45D7-907C-0D8502D5C3A7}.Debug|Any CPU.Build.0 = Debug|Any CPU
		{A6A90FAD-0015-45D7-907C-0D8502D5C3A7}.Release|Any CPU.ActiveCfg = Release|Any CPU
		{A6A90FAD-0015-45D7-907C-0D8502D5C3A7}.Release|Any CPU.Build.0 = Release|Any CPU
	EndGlobalSection
	GlobalSection(SolutionProperties) = preSolution
		HideSolutionNode = FALSE
	EndGlobalSection
EndGlobal
